
Microsoft Visual Studio Solution File, Format Version 12.00
# Visual Studio Version 17
VisualStudioVersion = 17.6.33723.286
MinimumVisualStudioVersion = 10.0.40219.1
Project("{FAE04EC0-301F-11D3-BF4B-00C04F79EFBC}") = "UDP", "UDP\UDP.csproj", "{1EA948AC-DD7D-43E8-A633-E0A782A2EAB3}"
EndProject
Global
	GlobalSection(SolutionConfigurationPlatforms) = preSolution
		Debug|Any CPU = Debug|Any CPU
		Release|Any CPU = Release|Any CPU
	EndGlobalSection
	GlobalSection(ProjectConfigurationPlatforms) = postSolution
		{1EA948AC-DD7D-43E8-A633-E0A782A2EAB3}.Debug|Any CPU.ActiveCfg = Debug|Any CPU
		{1EA948AC-DD7D-43E8-A633-E0A782A2EAB3}.Debug|Any CPU.Build.0 = Debug|Any CPU
		{1EA948AC-DD7D-43E8-A633-E0A782A2EAB3}.Release|Any CPU.ActiveCfg = Release|Any CPU
		{1EA948AC-DD7D-43E8-A633-E0A782A2EAB3}.Release|Any CPU.Build.0 = Release|Any CPU
	EndGlobalSection
	GlobalSection(SolutionProperties) = preSolution
		HideSolutionNode = FALSE
	EndGlobalSection
	GlobalSection(ExtensibilityGlobals) = postSolution
		SolutionGuid = {F67B1878-B020-4E2A-8899-69E7BCB7B33E}
	EndGlobalSection
EndGlobal
